
Microsoft Visual Studio Solution File, Format Version 12.00
# Visual Studio Version 17
VisualStudioVersion = 17.0.31903.59
MinimumVisualStudioVersion = 10.0.40219.1
Project("{2150E333-8FDC-42A3-9474-1A3956D46DE8}") = "src", "src", "{2ADB3052-4202-4CD6-AC69-59C4B8DEA2C2}"
EndProject
Project("{FAE04EC0-301F-11D3-BF4B-00C04F79EFBC}") = "FileProcessor.API", "src\FileProcessor.API\FileProcessor.API.csproj", "{D4463074-8570-46A6-B0CB-16A011D6D966}"
EndProject
Project("{FAE04EC0-301F-11D3-BF4B-00C04F79EFBC}") = "FileProcessor.Application", "src\FileProcessor.Application\FileProcessor.Application.csproj", "{AFCC91EB-DE39-4589-A88B-0DFA76902FCF}"
EndProject
Project("{FAE04EC0-301F-11D3-BF4B-00C04F79EFBC}") = "FileProcessor.Domain", "src\FileProcessor.Domain\FileProcessor.Domain.csproj", "{519F463B-DE89-4DAC-8DDB-AE8DED980C02}"
EndProject
Project("{FAE04EC0-301F-11D3-BF4B-00C04F79EFBC}") = "FileProcessor.Infra", "src\FileProcessor.Infra\FileProcessor.Infra.csproj", "{6ACA96F4-7007-4ED6-BBD2-3CDB72306A2D}"
EndProject
Global
	GlobalSection(SolutionProperties) = preSolution
		HideSolutionNode = FALSE
	EndGlobalSection
	GlobalSection(SolutionConfigurationPlatforms) = preSolution
		Debug|Any CPU = Debug|Any CPU
		Debug|x64 = Debug|x64
		Debug|x86 = Debug|x86
		Release|Any CPU = Release|Any CPU
		Release|x64 = Release|x64
		Release|x86 = Release|x86
	EndGlobalSection
	GlobalSection(ProjectConfigurationPlatforms) = postSolution
		{D4463074-8570-46A6-B0CB-16A011D6D966}.Debug|Any CPU.ActiveCfg = Debug|Any CPU
		{D4463074-8570-46A6-B0CB-16A011D6D966}.Debug|Any CPU.Build.0 = Debug|Any CPU
		{D4463074-8570-46A6-B0CB-16A011D6D966}.Debug|x64.ActiveCfg = Debug|Any CPU
		{D4463074-8570-46A6-B0CB-16A011D6D966}.Debug|x64.Build.0 = Debug|Any CPU
		{D4463074-8570-46A6-B0CB-16A011D6D966}.Debug|x86.ActiveCfg = Debug|Any CPU
		{D4463074-8570-46A6-B0CB-16A011D6D966}.Debug|x86.Build.0 = Debug|Any CPU
		{D4463074-8570-46A6-B0CB-16A011D6D966}.Release|Any CPU.ActiveCfg = Release|Any CPU
		{D4463074-8570-46A6-B0CB-16A011D6D966}.Release|Any CPU.Build.0 = Release|Any CPU
		{D4463074-8570-46A6-B0CB-16A011D6D966}.Release|x64.ActiveCfg = Release|Any CPU
		{D4463074-8570-46A6-B0CB-16A011D6D966}.Release|x64.Build.0 = Release|Any CPU
		{D4463074-8570-46A6-B0CB-16A011D6D966}.Release|x86.ActiveCfg = Release|Any CPU
		{D4463074-8570-46A6-B0CB-16A011D6D966}.Release|x86.Build.0 = Release|Any CPU
		{AFCC91EB-DE39-4589-A88B-0DFA76902FCF}.Debug|Any CPU.ActiveCfg = Debug|Any CPU
		{AFCC91EB-DE39-4589-A88B-0DFA76902FCF}.Debug|Any CPU.Build.0 = Debug|Any CPU
		{AFCC91EB-DE39-4589-A88B-0DFA76902FCF}.Debug|x64.ActiveCfg = Debug|Any CPU
		{AFCC91EB-DE39-4589-A88B-0DFA76902FCF}.Debug|x64.Build.0 = Debug|Any CPU
		{AFCC91EB-DE39-4589-A88B-0DFA76902FCF}.Debug|x86.ActiveCfg = Debug|Any CPU
		{AFCC91EB-DE39-4589-A88B-0DFA76902FCF}.Debug|x86.Build.0 = Debug|Any CPU
		{AFCC91EB-DE39-4589-A88B-0DFA76902FCF}.Release|Any CPU.ActiveCfg = Release|Any CPU
		{AFCC91EB-DE39-4589-A88B-0DFA76902FCF}.Release|Any CPU.Build.0 = Release|Any CPU
		{AFCC91EB-DE39-4589-A88B-0DFA76902FCF}.Release|x64.ActiveCfg = Release|Any CPU
		{AFCC91EB-DE39-4589-A88B-0DFA76902FCF}.Release|x64.Build.0 = Release|Any CPU
		{AFCC91EB-DE39-4589-A88B-0DFA76902FCF}.Release|x86.ActiveCfg = Release|Any CPU
		{AFCC91EB-DE39-4589-A88B-0DFA76902FCF}.Release|x86.Build.0 = Release|Any CPU
		{519F463B-DE89-4DAC-8DDB-AE8DED980C02}.Debug|Any CPU.ActiveCfg = Debug|Any CPU
		{519F463B-DE89-4DAC-8DDB-AE8DED980C02}.Debug|Any CPU.Build.0 = Debug|Any CPU
		{519F463B-DE89-4DAC-8DDB-AE8DED980C02}.Debug|x64.ActiveCfg = Debug|Any CPU
		{519F463B-DE89-4DAC-8DDB-AE8DED980C02}.Debug|x64.Build.0 = Debug|Any CPU
		{519F463B-DE89-4DAC-8DDB-AE8DED980C02}.Debug|x86.ActiveCfg = Debug|Any CPU
		{519F463B-DE89-4DAC-8DDB-AE8DED980C02}.Debug|x86.Build.0 = Debug|Any CPU
		{519F463B-DE89-4DAC-8DDB-AE8DED980C02}.Release|Any CPU.ActiveCfg = Release|Any CPU
		{519F463B-DE89-4DAC-8DDB-AE8DED980C02}.Release|Any CPU.Build.0 = Release|Any CPU
		{519F463B-DE89-4DAC-8DDB-AE8DED980C02}.Release|x64.ActiveCfg = Release|Any CPU
		{519F463B-DE89-4DAC-8DDB-AE8DED980C02}.Release|x64.Build.0 = Release|Any CPU
		{519F463B-DE89-4DAC-8DDB-AE8DED980C02}.Release|x86.ActiveCfg = Release|Any CPU
		{519F463B-DE89-4DAC-8DDB-AE8DED980C02}.Release|x86.Build.0 = Release|Any CPU
		{6ACA96F4-7007-4ED6-BBD2-3CDB72306A2D}.Debug|Any CPU.ActiveCfg = Debug|Any CPU
		{6ACA96F4-7007-4ED6-BBD2-3CDB72306A2D}.Debug|Any CPU.Build.0 = Debug|Any CPU
		{6ACA96F4-7007-4ED6-BBD2-3CDB72306A2D}.Debug|x64.ActiveCfg = Debug|Any CPU
		{6ACA96F4-7007-4ED6-BBD2-3CDB72306A2D}.Debug|x64.Build.0 = Debug|Any CPU
		{6ACA96F4-7007-4ED6-BBD2-3CDB72306A2D}.Debug|x86.ActiveCfg = Debug|Any CPU
		{6ACA96F4-7007-4ED6-BBD2-3CDB72306A2D}.Debug|x86.Build.0 = Debug|Any CPU
		{6ACA96F4-7007-4ED6-BBD2-3CDB72306A2D}.Release|Any CPU.ActiveCfg = Release|Any CPU
		{6ACA96F4-7007-4ED6-BBD2-3CDB72306A2D}.Release|Any CPU.Build.0 = Release|Any CPU
		{6ACA96F4-7007-4ED6-BBD2-3CDB72306A2D}.Release|x64.ActiveCfg = Release|Any CPU
		{6ACA96F4-7007-4ED6-BBD2-3CDB72306A2D}.Release|x64.Build.0 = Release|Any CPU
		{6ACA96F4-7007-4ED6-BBD2-3CDB72306A2D}.Release|x86.ActiveCfg = Release|Any CPU
		{6ACA96F4-7007-4ED6-BBD2-3CDB72306A2D}.Release|x86.Build.0 = Release|Any CPU
	EndGlobalSection
	GlobalSection(NestedProjects) = preSolution
		{D4463074-8570-46A6-B0CB-16A011D6D966} = {2ADB3052-4202-4CD6-AC69-59C4B8DEA2C2}
		{AFCC91EB-DE39-4589-A88B-0DFA76902FCF} = {2ADB3052-4202-4CD6-AC69-59C4B8DEA2C2}
		{519F463B-DE89-4DAC-8DDB-AE8DED980C02} = {2ADB3052-4202-4CD6-AC69-59C4B8DEA2C2}
		{6ACA96F4-7007-4ED6-BBD2-3CDB72306A2D} = {2ADB3052-4202-4CD6-AC69-59C4B8DEA2C2}
	EndGlobalSection
EndGlobal
